PODS:
  - airplane_mode_detection (0.0.1):
    - Flutter
  - "app_settings (3.0.0+1)":
    - Flutter
  - AppAuth (1.3.0):
    - AppAuth/Core (= 1.3.0)
    - AppAuth/ExternalUserAgent (= 1.3.0)
  - AppAuth/Core (1.3.0)
  - AppAuth/ExternalUserAgent (1.3.0)
  - apple_sign_in (0.0.1):
    - Flutter
  - camera (0.0.1):
    - Flutter
  - connectivity (0.0.1):
    - Flutter
    - Reachability
  - Flutter (1.0.0)
  - flutter_native_image (0.0.1):
    - Flutter
  - flutter_secure_storage (3.3.1):
    - Flutter
  - fluttertoast (0.0.2):
    - Flutter
  - FMDB (2.7.5):
    - FMDB/standard (= 2.7.5)
  - FMDB/standard (2.7.5)
  - "geolocator (5.3.2+2)":
    - Flutter
  - google_maps_flutter (0.0.1):
    - Flutter
    - GoogleMaps
  - google_sign_in (0.0.1):
    - Flutter
    - GoogleSignIn (~> 5.0)
  - GoogleMaps (3.8.0):
    - GoogleMaps/Maps (= 3.8.0)
  - GoogleMaps/Base (3.8.0)
  - GoogleMaps/Maps (3.8.0):
    - GoogleMaps/Base
  - GoogleSignIn (5.0.2):
    - AppAuth (~> 1.2)
    - GTMAppAuth (~> 1.0)
    - GTMSessionFetcher/Core (~> 1.1)
  - GTMAppAuth (1.0.0):
    - AppAuth/Core (~> 1.0)
    - GTMSessionFetcher (~> 1.1)
  - GTMSessionFetcher (1.3.1):
    - GTMSessionFetcher/Full (= 1.3.1)
  - GTMSessionFetcher/Core (1.3.1)
  - GTMSessionFetcher/Full (1.3.1):
    - GTMSessionFetcher/Core (= 1.3.1)
  - image_cropper (0.0.2):
    - Flutter
    - TOCropViewController (~> 2.5.2)
  - image_picker (0.0.1):
    - Flutter
  - location (0.0.1):
    - Flutter
  - "location_permissions (3.0.0+1)":
    - Flutter
  - path_provider (0.0.1):
    - Flutter
  - Reachability (3.2)
  - shared_preferences (0.0.1):
    - Flutter
  - sqflite (0.0.1):
    - Flutter
    - FMDB (~> 2.7.2)
  - TOCropViewController (2.5.2)
  - url_launcher (0.0.1):
    - Flutter
  - vibrate (0.0.1):
    - Flutter

DEPENDENCIES:
  - airplane_mode_detection (from `.symlinks/plugins/airplane_mode_detection/ios`)
  - app_settings (from `.symlinks/plugins/app_settings/ios`)
  - apple_sign_in (from `.symlinks/plugins/apple_sign_in/ios`)
  - camera (from `.symlinks/plugins/camera/ios`)
  - connectivity (from `.symlinks/plugins/connectivity/ios`)
  - Flutter (from `Flutter`)
  - flutter_native_image (from `.symlinks/plugins/flutter_native_image/ios`)
  - flutter_secure_storage (from `.symlinks/plugins/flutter_secure_storage/ios`)
  - fluttertoast (from `.symlinks/plugins/fluttertoast/ios`)
  - geolocator (from `.symlinks/plugins/geolocator/ios`)
  - google_maps_flutter (from `.symlinks/plugins/google_maps_flutter/ios`)
  - google_sign_in (from `.symlinks/plugins/google_sign_in/ios`)
  - image_cropper (from `.symlinks/plugins/image_cropper/ios`)
  - image_picker (from `.symlinks/plugins/image_picker/ios`)
  - location (from `.symlinks/plugins/location/ios`)
  - location_permissions (from `.symlinks/plugins/location_permissions/ios`)
  - path_provider (from `.symlinks/plugins/path_provider/ios`)
  - shared_preferences (from `.symlinks/plugins/shared_preferences/ios`)
  - sqflite (from `.symlinks/plugins/sqflite/ios`)
  - url_launcher (from `.symlinks/plugins/url_launcher/ios`)
  - vibrate (from `.symlinks/plugins/vibrate/ios`)

SPEC REPOS:
  trunk:
    - AppAuth
    - FMDB
    - GoogleMaps
    - GoogleSignIn
    - GTMAppAuth
    - GTMSessionFetcher
    - Reachability
    - TOCropViewController

EXTERNAL SOURCES:
  airplane_mode_detection:
    :path: ".symlinks/plugins/airplane_mode_detection/ios"
  app_settings:
    :path: ".symlinks/plugins/app_settings/ios"
  apple_sign_in:
    :path: ".symlinks/plugins/apple_sign_in/ios"
  camera:
    :path: ".symlinks/plugins/camera/ios"
  connectivity:
    :path: ".symlinks/plugins/connectivity/ios"
  Flutter:
    :path: Flutter
  flutter_native_image:
    :path: ".symlinks/plugins/flutter_native_image/ios"
  flutter_secure_storage:
    :path: ".symlinks/plugins/flutter_secure_storage/ios"
  fluttertoast:
    :path: ".symlinks/plugins/fluttertoast/ios"
  geolocator:
    :path: ".symlinks/plugins/geolocator/ios"
  google_maps_flutter:
    :path: ".symlinks/plugins/google_maps_flutter/ios"
  google_sign_in:
    :path: ".symlinks/plugins/google_sign_in/ios"
  image_cropper:
    :path: ".symlinks/plugins/image_cropper/ios"
  image_picker:
    :path: ".symlinks/plugins/image_picker/ios"
  location:
    :path: ".symlinks/plugins/location/ios"
  location_permissions:
    :path: ".symlinks/plugins/location_permissions/ios"
  path_provider:
    :path: ".symlinks/plugins/path_provider/ios"
  shared_preferences:
    :path: ".symlinks/plugins/shared_preferences/ios"
  sqflite:
    :path: ".symlinks/plugins/sqflite/ios"
  url_launcher:
    :path: ".symlinks/plugins/url_launcher/ios"
  vibrate:
    :path: ".symlinks/plugins/vibrate/ios"

SPEC CHECKSUMS:
  airplane_mode_detection: f38e13bc7a6d5d1ff7d8b87c93060625bf89e394
  app_settings: d103828c9f5d515c4df9ee754dabd443f7cedcf3
  AppAuth: 73574f3013a1e65b9601a3ddc8b3158cce68c09d
  apple_sign_in: 7716c7ddfa195aeab7dec0dc374ef4ff45d1adb4
  camera: 38cc83ae9a5667bb5a71c7d9edaf60a91920fd4e
  connectivity: c4130b2985d4ef6fd26f9702e886bd5260681467
  Flutter: 0e3d915762c693b495b44d77113d4970485de6ec
  flutter_native_image: 9c0b7451838484458e5b0fae007b86a4c2d4bdfe
  flutter_secure_storage: 7953c38a04c3fdbb00571bcd87d8e3b5ceb9daec
  fluttertoast: b644586ef3b16f67fae9a1f8754cef6b2d6b634b
  FMDB: 2ce00b547f966261cd18927a3ddb07cb6f3db82a
  geolocator: f7622e0e7e2a24718285b73916d60c4a54b9f5b6
  google_maps_flutter: df4e7de95264aa0a2f11aac0fc7e313acb8ffc7e
  google_sign_in: 6bd214b9c154f881422f5fe27b66aaa7bbd580cc
  GoogleMaps: 7c8d66d70e4e8c300f43a7219d8fdaad7b325a9a
  GoogleSignIn: 7137d297ddc022a7e0aa4619c86d72c909fa7213
  GTMAppAuth: 4deac854479704f348309e7b66189e604cf5e01e
  GTMSessionFetcher: cea130bbfe5a7edc8d06d3f0d17288c32ffe9925
  image_cropper: 3c16d7651730ffe85897f5a1c4e2547e6b54989a
  image_picker: 66aa71bc96850a90590a35d4c4a2907b0d823109
  location: 3a2eed4dd2fab25e7b7baf2a9efefe82b512d740
  location_permissions: 7e0f9aa0f60deb8ff93ddf0e2a164c7e8197bc94
  path_provider: abfe2b5c733d04e238b0d8691db0cfd63a27a93c
  Reachability: 33e18b67625424e47b6cde6d202dce689ad7af96
  shared_preferences: af6bfa751691cdc24be3045c43ec037377ada40d
  sqflite: 4001a31ff81d210346b500c55b17f4d6c7589dd0
  TOCropViewController: e9da34f484aedd4e5d5a8ab230ba217cfe16c729
  url_launcher: 6fef411d543ceb26efce54b05a0a40bfd74cbbef
  vibrate: 967ba16b8bd87d2fa3646472bb10429f1927c32f

PODFILE CHECKSUM: aafe91acc616949ddb318b77800a7f51bffa2a4c

COCOAPODS: 1.9.1
